
Microsoft Visual Studio Solution File, Format Version 12.00
# Visual Studio Version 17
VisualStudioVersion = 17.4.33403.182
MinimumVisualStudioVersion = 10.0.40219.1
Project("{9A19103F-16F7-4668-BE54-9A1E7A4F7556}") = "DegiskenTanimlama", "DegiskenTanimlama\DegiskenTanimlama.csproj", "{90642B4F-E42E-4DC2-BD6B-DD9B24F54543}"
EndProject
Project("{2150E333-8FDC-42A3-9474-1A3956D46DE8}") = "1. Gün", "1. Gün", "{429808DB-AD34-4346-BF61-B8AAEF4F7249}"
EndProject
Project("{2150E333-8FDC-42A3-9474-1A3956D46DE8}") = "2. Gün", "2. Gün", "{35E6F847-AAD2-4FB5-BA17-FC93933F4DA9}"
EndProject
Project("{FAE04EC0-301F-11D3-BF4B-00C04F79EFBC}") = "HataYonetimi", "HataYonetimi\HataYonetimi.csproj", "{464B10EC-AA95-4EB8-856B-E327E0B6C8B0}"
EndProject
Global
	GlobalSection(SolutionConfigurationPlatforms) = preSolution
		Debug|Any CPU = Debug|Any CPU
		Release|Any CPU = Release|Any CPU
	EndGlobalSection
	GlobalSection(ProjectConfigurationPlatforms) = postSolution
		{90642B4F-E42E-4DC2-BD6B-DD9B24F54543}.Debug|Any CPU.ActiveCfg = Debug|Any CPU
		{90642B4F-E42E-4DC2-BD6B-DD9B24F54543}.Debug|Any CPU.Build.0 = Debug|Any CPU
		{90642B4F-E42E-4DC2-BD6B-DD9B24F54543}.Release|Any CPU.ActiveCfg = Release|Any CPU
		{90642B4F-E42E-4DC2-BD6B-DD9B24F54543}.Release|Any CPU.Build.0 = Release|Any CPU
		{464B10EC-AA95-4EB8-856B-E327E0B6C8B0}.Debug|Any CPU.ActiveCfg = Debug|Any CPU
		{464B10EC-AA95-4EB8-856B-E327E0B6C8B0}.Debug|Any CPU.Build.0 = Debug|Any CPU
		{464B10EC-AA95-4EB8-856B-E327E0B6C8B0}.Release|Any CPU.ActiveCfg = Release|Any CPU
		{464B10EC-AA95-4EB8-856B-E327E0B6C8B0}.Release|Any CPU.Build.0 = Release|Any CPU
	EndGlobalSection
	GlobalSection(SolutionProperties) = preSolution
		HideSolutionNode = FALSE
	EndGlobalSection
	GlobalSection(NestedProjects) = preSolution
		{90642B4F-E42E-4DC2-BD6B-DD9B24F54543} = {429808DB-AD34-4346-BF61-B8AAEF4F7249}
		{464B10EC-AA95-4EB8-856B-E327E0B6C8B0} = {35E6F847-AAD2-4FB5-BA17-FC93933F4DA9}
	EndGlobalSection
	GlobalSection(ExtensibilityGlobals) = postSolution
		SolutionGuid = {38F32A3E-6269-4FF8-8D24-3FF69886088B}
	EndGlobalSection
EndGlobal
